// !$*UTF8*$!
{
	archiveVersion = 1;
	classes = {
	};
	objectVersion = 56;
	objects = {

/* Begin PBXBuildFile section */
		FE4FF8982BCA9A700059B343 /* AppDelegate.swift in Sources */ = {isa = PBXBuildFile; fileRef = FE4FF8972BCA9A700059B343 /* AppDelegate.swift */; };
		FE4FF89A2BCA9A700059B343 /* SceneDelegate.swift in Sources */ = {isa = PBXBuildFile; fileRef = FE4FF8992BCA9A700059B343 /* SceneDelegate.swift */; };
		FE4FF8A12BCA9A710059B343 /* Assets.xcassets in Resources */ = {isa = PBXBuildFile; fileRef = FE4FF8A02BCA9A710059B343 /* Assets.xcassets */; };
		FE4FF8A42BCA9A710059B343 /* Base in Resources */ = {isa = PBXBuildFile; fileRef = FE4FF8A32BCA9A710059B343 /* Base */; };
		FE4FF8AE2BCA9AC90059B343 /* ModulePage.swift in Sources */ = {isa = PBXBuildFile; fileRef = FE4FF8AB2BCA9AC90059B343 /* ModulePage.swift */; };
		FE4FF8AF2BCA9AC90059B343 /* MainPage.swift in Sources */ = {isa = PBXBuildFile; fileRef = FE4FF8AC2BCA9AC90059B343 /* MainPage.swift */; };
		FE4FF8B02BCA9AC90059B343 /* Modules.swift in Sources */ = {isa = PBXBuildFile; fileRef = FE4FF8AD2BCA9AC90059B343 /* Modules.swift */; };
		FE4FF8B32BCA9E1B0059B343 /* Router.swift in Sources */ = {isa = PBXBuildFile; fileRef = FE4FF8B22BCA9E1B0059B343 /* Router.swift */; };
		FE4FF8B52BCAB2BB0059B343 /* NetworkingService.swift in Sources */ = {isa = PBXBuildFile; fileRef = FE4FF8B42BCAB2BB0059B343 /* NetworkingService.swift */; };
		FE4FF8B92BCAB4920059B343 /* NetworkingService+ReadingText.swift in Sources */ = {isa = PBXBuildFile; fileRef = FE4FF8B82BCAB4920059B343 /* NetworkingService+ReadingText.swift */; };
		FE4FF8BB2BCABD630059B343 /* ModulePageModel.swift in Sources */ = {isa = PBXBuildFile; fileRef = FE4FF8BA2BCABD630059B343 /* ModulePageModel.swift */; };
		FE4FF8BD2BCABF1D0059B343 /* ReadingTextPage.swift in Sources */ = {isa = PBXBuildFile; fileRef = FE4FF8BC2BCABF1D0059B343 /* ReadingTextPage.swift */; };
		FE4FF8C32BCB07550059B343 /* ListeningAudioPage.swift in Sources */ = {isa = PBXBuildFile; fileRef = FE4FF8C22BCB07550059B343 /* ListeningAudioPage.swift */; };
		FE4FF8C52BCB07EE0059B343 /* NetworkingService+ListeningAudio.swift in Sources */ = {isa = PBXBuildFile; fileRef = FE4FF8C42BCB07EE0059B343 /* NetworkingService+ListeningAudio.swift */; };
		FE4FF8C72BCB463B0059B343 /* NetworkingService+Speaking.swift in Sources */ = {isa = PBXBuildFile; fileRef = FE4FF8C62BCB463B0059B343 /* NetworkingService+Speaking.swift */; };
		FE4FF8C92BCB46FD0059B343 /* SpeakingMeetingPage.swift in Sources */ = {isa = PBXBuildFile; fileRef = FE4FF8C82BCB46FD0059B343 /* SpeakingMeetingPage.swift */; };
/* End PBXBuildFile section */

/* Begin PBXFileReference section */
		FE4FF8942BCA9A700059B343 /* Kazakh Literacy Boost.app */ = {isa = PBXFileReference; explicitFileType = wrapper.application; includeInIndex = 0; path = "Kazakh Literacy Boost.app"; sourceTree = BUILT_PRODUCTS_DIR; };
		FE4FF8972BCA9A700059B343 /* AppDelegate.swift */ = {isa = PBXFileReference; lastKnownFileType = sourcecode.swift; path = AppDelegate.swift; sourceTree = "<group>"; };
		FE4FF8992BCA9A700059B343 /* SceneDelegate.swift */ = {isa = PBXFileReference; lastKnownFileType = sourcecode.swift; path = SceneDelegate.swift; sourceTree = "<group>"; };
		FE4FF8A02BCA9A710059B343 /* Assets.xcassets */ = {isa = PBXFileReference; lastKnownFileType = folder.assetcatalog; path = Assets.xcassets; sourceTree = "<group>"; };
		FE4FF8A32BCA9A710059B343 /* Base */ = {isa = PBXFileReference; lastKnownFileType = file.storyboard; name = Base; path = Base.lproj/LaunchScreen.storyboard; sourceTree = "<group>"; };
		FE4FF8A52BCA9A710059B343 /* Info.plist */ = {isa = PBXFileReference; lastKnownFileType = text.plist.xml; path = Info.plist; sourceTree = "<group>"; };
		FE4FF8AB2BCA9AC90059B343 /* ModulePage.swift */ = {isa = PBXFileReference; fileEncoding = 4; lastKnownFileType = sourcecode.swift; path = ModulePage.swift; sourceTree = "<group>"; };
		FE4FF8AC2BCA9AC90059B343 /* MainPage.swift */ = {isa = PBXFileReference; fileEncoding = 4; lastKnownFileType = sourcecode.swift; path = MainPage.swift; sourceTree = "<group>"; };
		FE4FF8AD2BCA9AC90059B343 /* Modules.swift */ = {isa = PBXFileReference; fileEncoding = 4; lastKnownFileType = sourcecode.swift; path = Modules.swift; sourceTree = "<group>"; };
		FE4FF8B22BCA9E1B0059B343 /* Router.swift */ = {isa = PBXFileReference; lastKnownFileType = sourcecode.swift; path = Router.swift; sourceTree = "<group>"; };
		FE4FF8B42BCAB2BB0059B343 /* NetworkingService.swift */ = {isa = PBXFileReference; lastKnownFileType = sourcecode.swift; path = NetworkingService.swift; sourceTree = "<group>"; };
		FE4FF8B82BCAB4920059B343 /* NetworkingService+ReadingText.swift */ = {isa = PBXFileReference; lastKnownFileType = sourcecode.swift; path = "NetworkingService+ReadingText.swift"; sourceTree = "<group>"; };
		FE4FF8BA2BCABD630059B343 /* ModulePageModel.swift */ = {isa = PBXFileReference; lastKnownFileType = sourcecode.swift; path = ModulePageModel.swift; sourceTree = "<group>"; };
		FE4FF8BC2BCABF1D0059B343 /* ReadingTextPage.swift */ = {isa = PBXFileReference; lastKnownFileType = sourcecode.swift; path = ReadingTextPage.swift; sourceTree = "<group>"; };
		FE4FF8C22BCB07550059B343 /* ListeningAudioPage.swift */ = {isa = PBXFileReference; lastKnownFileType = sourcecode.swift; path = ListeningAudioPage.swift; sourceTree = "<group>"; };
		FE4FF8C42BCB07EE0059B343 /* NetworkingService+ListeningAudio.swift */ = {isa = PBXFileReference; lastKnownFileType = sourcecode.swift; path = "NetworkingService+ListeningAudio.swift"; sourceTree = "<group>"; };
		FE4FF8C62BCB463B0059B343 /* NetworkingService+Speaking.swift */ = {isa = PBXFileReference; lastKnownFileType = sourcecode.swift; path = "NetworkingService+Speaking.swift"; sourceTree = "<group>"; };
		FE4FF8C82BCB46FD0059B343 /* SpeakingMeetingPage.swift */ = {isa = PBXFileReference; lastKnownFileType = sourcecode.swift; path = SpeakingMeetingPage.swift; sourceTree = "<group>"; };
/* End PBXFileReference section */

/* Begin PBXFrameworksBuildPhase section */
		FE4FF8912BCA9A700059B343 /* Frameworks */ = {
			isa = PBXFrameworksBuildPhase;
			buildActionMask = 2147483647;
			files = (
			);
			runOnlyForDeploymentPostprocessing = 0;
		};
/* End PBXFrameworksBuildPhase section */

/* Begin PBXGroup section */
		FE4FF88B2BCA9A700059B343 = {
			isa = PBXGroup;
			children = (
				FE4FF8962BCA9A700059B343 /* Kazakh Literacy Boost */,
				FE4FF8952BCA9A700059B343 /* Products */,
			);
			sourceTree = "<group>";
		};
		FE4FF8952BCA9A700059B343 /* Products */ = {
			isa = PBXGroup;
			children = (
				FE4FF8942BCA9A700059B343 /* Kazakh Literacy Boost.app */,
			);
			name = Products;
			sourceTree = "<group>";
		};
		FE4FF8962BCA9A700059B343 /* Kazakh Literacy Boost */ = {
			isa = PBXGroup;
			children = (
				FE4FF8972BCA9A700059B343 /* AppDelegate.swift */,
				FE4FF8992BCA9A700059B343 /* SceneDelegate.swift */,
				FE4FF8AD2BCA9AC90059B343 /* Modules.swift */,
				FE4FF8B22BCA9E1B0059B343 /* Router.swift */,
				FE4FF8B12BCA9DFE0059B343 /* Pages */,
				FE4FF8B72BCAB2C30059B343 /* NetworkingService */,
				FE4FF8A02BCA9A710059B343 /* Assets.xcassets */,
				FE4FF8A22BCA9A710059B343 /* LaunchScreen.storyboard */,
				FE4FF8A52BCA9A710059B343 /* Info.plist */,
			);
			path = "Kazakh Literacy Boost";
			sourceTree = "<group>";
		};
		FE4FF8B12BCA9DFE0059B343 /* Pages */ = {
			isa = PBXGroup;
			children = (
				FE4FF8AC2BCA9AC90059B343 /* MainPage.swift */,
				FE4FF8BF2BCABFD90059B343 /* ModulePage */,
				FE4FF8BE2BCABF350059B343 /* DataModel */,
			);
			path = Pages;
			sourceTree = "<group>";
		};
		FE4FF8B72BCAB2C30059B343 /* NetworkingService */ = {
			isa = PBXGroup;
			children = (
				FE4FF8B42BCAB2BB0059B343 /* NetworkingService.swift */,
				FE4FF8B82BCAB4920059B343 /* NetworkingService+ReadingText.swift */,
				FE4FF8C42BCB07EE0059B343 /* NetworkingService+ListeningAudio.swift */,
				FE4FF8C62BCB463B0059B343 /* NetworkingService+Speaking.swift */,
			);
			path = NetworkingService;
			sourceTree = "<group>";
		};
		FE4FF8BE2BCABF350059B343 /* DataModel */ = {
			isa = PBXGroup;
			children = (
				FE4FF8BA2BCABD630059B343 /* ModulePageModel.swift */,
			);
			path = DataModel;
			sourceTree = "<group>";
		};
		FE4FF8BF2BCABFD90059B343 /* ModulePage */ = {
			isa = PBXGroup;
			children = (
				FE4FF8AB2BCA9AC90059B343 /* ModulePage.swift */,
				FE4FF8BC2BCABF1D0059B343 /* ReadingTextPage.swift */,
				FE4FF8C22BCB07550059B343 /* ListeningAudioPage.swift */,
				FE4FF8C82BCB46FD0059B343 /* SpeakingMeetingPage.swift */,
			);
			path = ModulePage;
			sourceTree = "<group>";
		};
/* End PBXGroup section */

/* Begin PBXNativeTarget section */
		FE4FF8932BCA9A700059B343 /* Kazakh Literacy Boost */ = {
			isa = PBXNativeTarget;
			buildConfigurationList = FE4FF8A82BCA9A710059B343 /* Build configuration list for PBXNativeTarget "Kazakh Literacy Boost" */;
			buildPhases = (
				FE4FF8902BCA9A700059B343 /* Sources */,
				FE4FF8912BCA9A700059B343 /* Frameworks */,
				FE4FF8922BCA9A700059B343 /* Resources */,
			);
			buildRules = (
			);
			dependencies = (
			);
			name = "Kazakh Literacy Boost";
			productName = "Kazakh Literacy Boost";
			productReference = FE4FF8942BCA9A700059B343 /* Kazakh Literacy Boost.app */;
			productType = "com.apple.product-type.application";
		};
/* End PBXNativeTarget section */

/* Begin PBXProject section */
		FE4FF88C2BCA9A700059B343 /* Project object */ = {
			isa = PBXProject;
			attributes = {
				BuildIndependentTargetsInParallel = 1;
				LastSwiftUpdateCheck = 1530;
				LastUpgradeCheck = 1530;
				TargetAttributes = {
					FE4FF8932BCA9A700059B343 = {
						CreatedOnToolsVersion = 15.3;
					};
				};
			};
			buildConfigurationList = FE4FF88F2BCA9A700059B343 /* Build configuration list for PBXProject "Kazakh Literacy Boost" */;
			compatibilityVersion = "Xcode 14.0";
			developmentRegion = en;
			hasScannedForEncodings = 0;
			knownRegions = (
				en,
				Base,
			);
			mainGroup = FE4FF88B2BCA9A700059B343;
			productRefGroup = FE4FF8952BCA9A700059B343 /* Products */;
			projectDirPath = "";
			projectRoot = "";
			targets = (
				FE4FF8932BCA9A700059B343 /* Kazakh Literacy Boost */,
			);
		};
/* End PBXProject section */

/* Begin PBXResourcesBuildPhase section */
		FE4FF8922BCA9A700059B343 /* Resources */ = {
			isa = PBXResourcesBuildPhase;
			buildActionMask = 2147483647;
			files = (
				FE4FF8A12BCA9A710059B343 /* Assets.xcassets in Resources */,
				FE4FF8A42BCA9A710059B343 /* Base in Resources */,
			);
			runOnlyForDeploymentPostprocessing = 0;
		};
/* End PBXResourcesBuildPhase section */

/* Begin PBXSourcesBuildPhase section */
		FE4FF8902BCA9A700059B343 /* Sources */ = {
			isa = PBXSourcesBuildPhase;
			buildActionMask = 2147483647;
			files = (
				FE4FF8AE2BCA9AC90059B343 /* ModulePage.swift in Sources */,
				FE4FF8B92BCAB4920059B343 /* NetworkingService+ReadingText.swift in Sources */,
				FE4FF8B02BCA9AC90059B343 /* Modules.swift in Sources */,
				FE4FF8982BCA9A700059B343 /* AppDelegate.swift in Sources */,
				FE4FF8C52BCB07EE0059B343 /* NetworkingService+ListeningAudio.swift in Sources */,
				FE4FF8C72BCB463B0059B343 /* NetworkingService+Speaking.swift in Sources */,
				FE4FF8C92BCB46FD0059B343 /* SpeakingMeetingPage.swift in Sources */,
				FE4FF8BD2BCABF1D0059B343 /* ReadingTextPage.swift in Sources */,
				FE4FF8BB2BCABD630059B343 /* ModulePageModel.swift in Sources */,
				FE4FF89A2BCA9A700059B343 /* SceneDelegate.swift in Sources */,
				FE4FF8B32BCA9E1B0059B343 /* Router.swift in Sources */,
				FE4FF8C32BCB07550059B343 /* ListeningAudioPage.swift in Sources */,
				FE4FF8B52BCAB2BB0059B343 /* NetworkingService.swift in Sources */,
				FE4FF8AF2BCA9AC90059B343 /* MainPage.swift in Sources */,
			);
			runOnlyForDeploymentPostprocessing = 0;
		};
/* End PBXSourcesBuildPhase section */

/* Begin PBXVariantGroup section */
		FE4FF8A22BCA9A710059B343 /* LaunchScreen.storyboard */ = {
			isa = PBXVariantGroup;
			children = (
				FE4FF8A32BCA9A710059B343 /* Base */,
			);
			name = LaunchScreen.storyboard;
			sourceTree = "<group>";
		};
/* End PBXVariantGroup section */

/* Begin XCBuildConfiguration section */
		FE4FF8A62BCA9A710059B343 /* Debug */ = {
			isa = XCBuildConfiguration;
			buildSettings = {
				ALWAYS_SEARCH_USER_PATHS = NO;
				ASSETCATALOG_COMPILER_GENERATE_SWIFT_ASSET_SYMBOL_EXTENSIONS = YES;
				CLANG_ANALYZER_NONNULL = YES;
				CLANG_ANALYZER_NUMBER_OBJECT_CONVERSION = YES_AGGRESSIVE;
				CLANG_CXX_LANGUAGE_STANDARD = "gnu++20";
				CLANG_ENABLE_MODULES = YES;
				CLANG_ENABLE_OBJC_ARC = YES;
				CLANG_ENABLE_OBJC_WEAK = YES;
				CLANG_WARN_BLOCK_CAPTURE_AUTORELEASING = YES;
				CLANG_WARN_BOOL_CONVERSION = YES;
				CLANG_WARN_COMMA = YES;
				CLANG_WARN_CONSTANT_CONVERSION = YES;
				CLANG_WARN_DEPRECATED_OBJC_IMPLEMENTATIONS = YES;
				CLANG_WARN_DIRECT_OBJC_ISA_USAGE = YES_ERROR;
				CLANG_WARN_DOCUMENTATION_COMMENTS = YES;
				CLANG_WARN_EMPTY_BODY = YES;
				CLANG_WARN_ENUM_CONVERSION = YES;
				CLANG_WARN_INFINITE_RECURSION = YES;
				CLANG_WARN_INT_CONVERSION = YES;
				CLANG_WARN_NON_LITERAL_NULL_CONVERSION = YES;
				CLANG_WARN_OBJC_IMPLICIT_RETAIN_SELF = YES;
				CLANG_WARN_OBJC_LITERAL_CONVERSION = YES;
				CLANG_WARN_OBJC_ROOT_CLASS = YES_ERROR;
				CLANG_WARN_QUOTED_INCLUDE_IN_FRAMEWORK_HEADER = YES;
				CLANG_WARN_RANGE_LOOP_ANALYSIS = YES;
				CLANG_WARN_STRICT_PROTOTYPES = YES;
				CLANG_WARN_SUSPICIOUS_MOVE = YES;
				CLANG_WARN_UNGUARDED_AVAILABILITY = YES_AGGRESSIVE;
				CLANG_WARN_UNREACHABLE_CODE = YES;
				CLANG_WARN__DUPLICATE_METHOD_MATCH = YES;
				COPY_PHASE_STRIP = NO;
				DEBUG_INFORMATION_FORMAT = dwarf;
				ENABLE_STRICT_OBJC_MSGSEND = YES;
				ENABLE_TESTABILITY = YES;
				ENABLE_USER_SCRIPT_SANDBOXING = YES;
				GCC_C_LANGUAGE_STANDARD = gnu17;
				GCC_DYNAMIC_NO_PIC = NO;
				GCC_NO_COMMON_BLOCKS = YES;
				GCC_OPTIMIZATION_LEVEL = 0;
				GCC_PREPROCESSOR_DEFINITIONS = (
					"DEBUG=1",
					"$(inherited)",
				);
				GCC_WARN_64_TO_32_BIT_CONVERSION = YES;
				GCC_WARN_ABOUT_RETURN_TYPE = YES_ERROR;
				GCC_WARN_UNDECLARED_SELECTOR = YES;
				GCC_WARN_UNINITIALIZED_AUTOS = YES_AGGRESSIVE;
				GCC_WARN_UNUSED_FUNCTION = YES;
				GCC_WARN_UNUSED_VARIABLE = YES;
				IPHONEOS_DEPLOYMENT_TARGET = 17.4;
				LOCALIZATION_PREFERS_STRING_CATALOGS = YES;
				MTL_ENABLE_DEBUG_INFO = INCLUDE_SOURCE;
				MTL_FAST_MATH = YES;
				ONLY_ACTIVE_ARCH = YES;
				SDKROOT = iphoneos;
				SWIFT_ACTIVE_COMPILATION_CONDITIONS = "DEBUG $(inherited)";
				SWIFT_OPTIMIZATION_LEVEL = "-Onone";
			};
			name = Debug;
		};
		FE4FF8A72BCA9A710059B343 /* Release */ = {
			isa = XCBuildConfiguration;
			buildSettings = {
				ALWAYS_SEARCH_USER_PATHS = NO;
				ASSETCATALOG_COMPILER_GENERATE_SWIFT_ASSET_SYMBOL_EXTENSIONS = YES;
				CLANG_ANALYZER_NONNULL = YES;
				CLANG_ANALYZER_NUMBER_OBJECT_CONVERSION = YES_AGGRESSIVE;
				CLANG_CXX_LANGUAGE_STANDARD = "gnu++20";
				CLANG_ENABLE_MODULES = YES;
				CLANG_ENABLE_OBJC_ARC = YES;
				CLANG_ENABLE_OBJC_WEAK = YES;
				CLANG_WARN_BLOCK_CAPTURE_AUTORELEASING = YES;
				CLANG_WARN_BOOL_CONVERSION = YES;
				CLANG_WARN_COMMA = YES;
				CLANG_WARN_CONSTANT_CONVERSION = YES;
				CLANG_WARN_DEPRECATED_OBJC_IMPLEMENTATIONS = YES;
				CLANG_WARN_DIRECT_OBJC_ISA_USAGE = YES_ERROR;
				CLANG_WARN_DOCUMENTATION_COMMENTS = YES;
				CLANG_WARN_EMPTY_BODY = YES;
				CLANG_WARN_ENUM_CONVERSION = YES;
				CLANG_WARN_INFINITE_RECURSION = YES;
				CLANG_WARN_INT_CONVERSION = YES;
				CLANG_WARN_NON_LITERAL_NULL_CONVERSION = YES;
				CLANG_WARN_OBJC_IMPLICIT_RETAIN_SELF = YES;
				CLANG_WARN_OBJC_LITERAL_CONVERSION = YES;
				CLANG_WARN_OBJC_ROOT_CLASS = YES_ERROR;
				CLANG_WARN_QUOTED_INCLUDE_IN_FRAMEWORK_HEADER = YES;
				CLANG_WARN_RANGE_LOOP_ANALYSIS = YES;
				CLANG_WARN_STRICT_PROTOTYPES = YES;
				CLANG_WARN_SUSPICIOUS_MOVE = YES;
				CLANG_WARN_UNGUARDED_AVAILABILITY = YES_AGGRESSIVE;
				CLANG_WARN_UNREACHABLE_CODE = YES;
				CLANG_WARN__DUPLICATE_METHOD_MATCH = YES;
				COPY_PHASE_STRIP = NO;
				DEBUG_INFORMATION_FORMAT = "dwarf-with-dsym";
				ENABLE_NS_ASSERTIONS = NO;
				ENABLE_STRICT_OBJC_MSGSEND = YES;
				ENABLE_USER_SCRIPT_SANDBOXING = YES;
				GCC_C_LANGUAGE_STANDARD = gnu17;
				GCC_NO_COMMON_BLOCKS = YES;
				GCC_WARN_64_TO_32_BIT_CONVERSION = YES;
				GCC_WARN_ABOUT_RETURN_TYPE = YES_ERROR;
				GCC_WARN_UNDECLARED_SELECTOR = YES;
				GCC_WARN_UNINITIALIZED_AUTOS = YES_AGGRESSIVE;
				GCC_WARN_UNUSED_FUNCTION = YES;
				GCC_WARN_UNUSED_VARIABLE = YES;
				IPHONEOS_DEPLOYMENT_TARGET = 17.4;
				LOCALIZATION_PREFERS_STRING_CATALOGS = YES;
				MTL_ENABLE_DEBUG_INFO = NO;
				MTL_FAST_MATH = YES;
				SDKROOT = iphoneos;
				SWIFT_COMPILATION_MODE = wholemodule;
				VALIDATE_PRODUCT = YES;
			};
			name = Release;
		};
		FE4FF8A92BCA9A710059B343 /* Debug */ = {
			isa = XCBuildConfiguration;
			buildSettings = {
				ASSETCATALOG_COMPILER_APPICON_NAME = AppIcon;
				ASSETCATALOG_COMPILER_GLOBAL_ACCENT_COLOR_NAME = AccentColor;
				CODE_SIGN_STYLE = Automatic;
				CURRENT_PROJECT_VERSION = 1;
				DEVELOPMENT_TEAM = 3A2U2X4K87;
				GENERATE_INFOPLIST_FILE = YES;
				INFOPLIST_FILE = "Kazakh Literacy Boost/Info.plist";
				INFOPLIST_KEY_UIApplicationSupportsIndirectInputEvents = YES;
				INFOPLIST_KEY_UILaunchStoryboardName = LaunchScreen;
				INFOPLIST_KEY_UISupportedInterfaceOrientations = UIInterfaceOrientationPortrait;
				IPHONEOS_DEPLOYMENT_TARGET = 16.0;
				LD_RUNPATH_SEARCH_PATHS = (
					"$(inherited)",
					"@executable_path/Frameworks",
				);
				MARKETING_VERSION = 1.0;
				PRODUCT_BUNDLE_IDENTIFIER = "com.Yedige.Kazakh-Literacy-Boost";
				PRODUCT_NAME = "$(TARGET_NAME)";
				SWIFT_EMIT_LOC_STRINGS = YES;
				SWIFT_VERSION = 5.0;
				TARGETED_DEVICE_FAMILY = "1,2";
			};
			name = Debug;
		};
		FE4FF8AA2BCA9A710059B343 /* Release */ = {
			isa = XCBuildConfiguration;
			buildSettings = {
				ASSETCATALOG_COMPILER_APPICON_NAME = AppIcon;
				ASSETCATALOG_COMPILER_GLOBAL_ACCENT_COLOR_NAME = AccentColor;
				CODE_SIGN_STYLE = Automatic;
				CURRENT_PROJECT_VERSION = 1;
				DEVELOPMENT_TEAM = 3A2U2X4K87;
				GENERATE_INFOPLIST_FILE = YES;
				INFOPLIST_FILE = "Kazakh Literacy Boost/Info.plist";
				INFOPLIST_KEY_UIApplicationSupportsIndirectInputEvents = YES;
				INFOPLIST_KEY_UILaunchStoryboardName = LaunchScreen;
				INFOPLIST_KEY_UISupportedInterfaceOrientations = UIInterfaceOrientationPortrait;
				IPHONEOS_DEPLOYMENT_TARGET = 16.0;
				LD_RUNPATH_SEARCH_PATHS = (
					"$(inherited)",
					"@executable_path/Frameworks",
				);
				MARKETING_VERSION = 1.0;
				PRODUCT_BUNDLE_IDENTIFIER = "com.Yedige.Kazakh-Literacy-Boost";
				PRODUCT_NAME = "$(TARGET_NAME)";
				SWIFT_EMIT_LOC_STRINGS = YES;
				SWIFT_VERSION = 5.0;
				TARGETED_DEVICE_FAMILY = "1,2";
			};
			name = Release;
		};
/* End XCBuildConfiguration section */

/* Begin XCConfigurationList section */
		FE4FF88F2BCA9A700059B343 /* Build configuration list for PBXProject "Kazakh Literacy Boost" */ = {
			isa = XCConfigurationList;
			buildConfigurations = (
				FE4FF8A62BCA9A710059B343 /* Debug */,
				FE4FF8A72BCA9A710059B343 /* Release */,
			);
			defaultConfigurationIsVisible = 0;
			defaultConfigurationName = Release;
		};
		FE4FF8A82BCA9A710059B343 /* Build configuration list for PBXNativeTarget "Kazakh Literacy Boost" */ = {
			isa = XCConfigurationList;
			buildConfigurations = (
				FE4FF8A92BCA9A710059B343 /* Debug */,
				FE4FF8AA2BCA9A710059B343 /* Release */,
			);
			defaultConfigurationIsVisible = 0;
			defaultConfigurationName = Release;
		};
/* End XCConfigurationList section */
	};
	rootObject = FE4FF88C2BCA9A700059B343 /* Project object */;
}
